{
  "version": "3",
  "redirects": {
    "https://deno.land/std/assert/assert_equals.ts": "https://deno.land/std@0.221.0/assert/assert_equals.ts",
    "https://deno.land/std/testing/asserts.ts": "https://deno.land/std@0.221.0/testing/asserts.ts",
    "https://deno.land/x/silverbullet/common/command.ts": "https://deno.land/x/silverbullet@0.7.6/common/command.ts",
    "https://deno.land/x/silverbullet/common/common_system.ts": "https://deno.land/x/silverbullet@0.7.6/common/common_system.ts",
    "https://deno.land/x/silverbullet/common/deps.ts": "https://deno.land/x/silverbullet@0.7.6/common/deps.ts",
    "https://deno.land/x/silverbullet/common/hooks/command.ts": "https://deno.land/x/silverbullet@0.7.6/common/hooks/command.ts",
    "https://deno.land/x/silverbullet/common/hooks/plug_namespace.ts": "https://deno.land/x/silverbullet@0.7.6/common/hooks/plug_namespace.ts",
    "https://deno.land/x/silverbullet/common/languages.ts": "https://deno.land/x/silverbullet@0.7.6/common/languages.ts",
    "https://deno.land/x/silverbullet/common/manifest.ts": "https://deno.land/x/silverbullet@0.7.6/common/manifest.ts",
    "https://deno.land/x/silverbullet/common/markdown_parser/customtags.ts": "https://deno.land/x/silverbullet@0.7.6/common/markdown_parser/customtags.ts",
    "https://deno.land/x/silverbullet/common/markdown_parser/parse_tree.ts": "https://deno.land/x/silverbullet@0.7.6/common/markdown_parser/parse_tree.ts",
    "https://deno.land/x/silverbullet/common/markdown_parser/parser.ts": "https://deno.land/x/silverbullet@0.7.6/common/markdown_parser/parser.ts",
    "https://deno.land/x/silverbullet/common/proxy_fetch.ts": "https://deno.land/x/silverbullet@0.7.6/common/proxy_fetch.ts",
    "https://deno.land/x/silverbullet/common/settings.ts": "https://deno.land/x/silverbullet@0.7.6/common/settings.ts",
    "https://deno.land/x/silverbullet/common/space_index.ts": "https://deno.land/x/silverbullet@0.7.6/common/space_index.ts",
    "https://deno.land/x/silverbullet/common/space_script.ts": "https://deno.land/x/silverbullet@0.7.6/common/space_script.ts",
    "https://deno.land/x/silverbullet/common/spaces/constants.ts": "https://deno.land/x/silverbullet@0.7.6/common/spaces/constants.ts",
    "https://deno.land/x/silverbullet/common/spaces/datastore_space_primitives.ts": "https://deno.land/x/silverbullet@0.7.6/common/spaces/datastore_space_primitives.ts",
    "https://deno.land/x/silverbullet/common/spaces/encrypted_space_primitives.ts": "https://deno.land/x/silverbullet@0.7.6/common/spaces/encrypted_space_primitives.ts",
    "https://deno.land/x/silverbullet/common/spaces/evented_space_primitives.ts": "https://deno.land/x/silverbullet@0.7.6/common/spaces/evented_space_primitives.ts",
    "https://deno.land/x/silverbullet/common/spaces/fallback_space_primitives.ts": "https://deno.land/x/silverbullet@0.7.6/common/spaces/fallback_space_primitives.ts",
    "https://deno.land/x/silverbullet/common/spaces/filtered_space_primitives.ts": "https://deno.land/x/silverbullet@0.7.6/common/spaces/filtered_space_primitives.ts",
    "https://deno.land/x/silverbullet/common/spaces/http_space_primitives.ts": "https://deno.land/x/silverbullet@0.7.6/common/spaces/http_space_primitives.ts",
    "https://deno.land/x/silverbullet/common/spaces/plug_space_primitives.ts": "https://deno.land/x/silverbullet@0.7.6/common/spaces/plug_space_primitives.ts",
    "https://deno.land/x/silverbullet/common/spaces/ro_space_primitives.ts": "https://deno.land/x/silverbullet@0.7.6/common/spaces/ro_space_primitives.ts",
    "https://deno.land/x/silverbullet/common/spaces/space_primitives.ts": "https://deno.land/x/silverbullet@0.7.6/common/spaces/space_primitives.ts",
    "https://deno.land/x/silverbullet/common/spaces/sync.ts": "https://deno.land/x/silverbullet@0.7.6/common/spaces/sync.ts",
    "https://deno.land/x/silverbullet/common/syscalls/language.ts": "https://deno.land/x/silverbullet@0.7.6/common/syscalls/language.ts",
    "https://deno.land/x/silverbullet/common/syscalls/markdown.ts": "https://deno.land/x/silverbullet@0.7.6/common/syscalls/markdown.ts",
    "https://deno.land/x/silverbullet/common/syscalls/system.ts": "https://deno.land/x/silverbullet@0.7.6/common/syscalls/system.ts",
    "https://deno.land/x/silverbullet/common/syscalls/template.ts": "https://deno.land/x/silverbullet@0.7.6/common/syscalls/template.ts",
    "https://deno.land/x/silverbullet/common/syscalls/yaml.ts": "https://deno.land/x/silverbullet@0.7.6/common/syscalls/yaml.ts",
    "https://deno.land/x/silverbullet/common/template/render.ts": "https://deno.land/x/silverbullet@0.7.6/common/template/render.ts",
    "https://deno.land/x/silverbullet/common/template/template_parser.ts": "https://deno.land/x/silverbullet@0.7.6/common/template/template_parser.ts",
    "https://deno.land/x/silverbullet/lib/asset_bundle/bundle.ts": "https://deno.land/x/silverbullet@0.7.6/lib/asset_bundle/bundle.ts",
    "https://deno.land/x/silverbullet/lib/async.ts": "https://deno.land/x/silverbullet@0.7.6/lib/async.ts",
    "https://deno.land/x/silverbullet/lib/builtin_query_functions.ts": "https://deno.land/x/silverbullet@0.7.6/lib/builtin_query_functions.ts",
    "https://deno.land/x/silverbullet/lib/cheap_yaml.ts": "https://deno.land/x/silverbullet@0.7.6/lib/cheap_yaml.ts",
    "https://deno.land/x/silverbullet/lib/crypto.ts": "https://deno.land/x/silverbullet@0.7.6/lib/crypto.ts",
    "https://deno.land/x/silverbullet/lib/data/datastore.ts": "https://deno.land/x/silverbullet@0.7.6/lib/data/datastore.ts",
    "https://deno.land/x/silverbullet/lib/data/indexeddb_kv_primitives.ts": "https://deno.land/x/silverbullet@0.7.6/lib/data/indexeddb_kv_primitives.ts",
    "https://deno.land/x/silverbullet/lib/data/kv_primitives.ts": "https://deno.land/x/silverbullet@0.7.6/lib/data/kv_primitives.ts",
    "https://deno.land/x/silverbullet/lib/data/mq.datastore.ts": "https://deno.land/x/silverbullet@0.7.6/lib/data/mq.datastore.ts",
    "https://deno.land/x/silverbullet/lib/data/mq.ts": "https://deno.land/x/silverbullet@0.7.6/lib/data/mq.ts",
    "https://deno.land/x/silverbullet/lib/limited_map.ts": "https://deno.land/x/silverbullet@0.7.6/lib/limited_map.ts",
    "https://deno.land/x/silverbullet/lib/memory_cache.ts": "https://deno.land/x/silverbullet@0.7.6/lib/memory_cache.ts",
    "https://deno.land/x/silverbullet/lib/path.ts": "https://deno.land/x/silverbullet@0.7.6/lib/path.ts",
    "https://deno.land/x/silverbullet/lib/plugos/manifest_cache.ts": "https://deno.land/x/silverbullet@0.7.6/lib/plugos/manifest_cache.ts",
    "https://deno.land/x/silverbullet/lib/plugos/system.ts": "https://deno.land/x/silverbullet@0.7.6/lib/plugos/system.ts",
    "https://deno.land/x/silverbullet/plug-api/lib/page_ref.ts": "https://deno.land/x/silverbullet@0.7.6/plug-api/lib/page_ref.ts",
    "https://deno.land/x/silverbullet/plug-api/lib/parse-query.ts": "https://deno.land/x/silverbullet@0.7.6/plug-api/lib/parse-query.ts",
    "https://deno.land/x/silverbullet/plug-api/lib/query.ts": "https://deno.land/x/silverbullet@0.7.6/plug-api/lib/query.ts",
    "https://deno.land/x/silverbullet/plug-api/lib/query_expression.ts": "https://deno.land/x/silverbullet@0.7.6/plug-api/lib/query_expression.ts",
    "https://deno.land/x/silverbullet/plug-api/lib/resolve.ts": "https://deno.land/x/silverbullet@0.7.6/plug-api/lib/resolve.ts",
    "https://deno.land/x/silverbullet/plug-api/lib/settings_page.ts": "https://deno.land/x/silverbullet@0.7.6/plug-api/lib/settings_page.ts",
    "https://deno.land/x/silverbullet/plug-api/lib/tree.ts": "https://deno.land/x/silverbullet@0.7.6/plug-api/lib/tree.ts",
    "https://deno.land/x/silverbullet/plug-api/lib/yaml_page.ts": "https://deno.land/x/silverbullet@0.7.6/plug-api/lib/yaml_page.ts",
    "https://deno.land/x/silverbullet/plug-api/syscall.ts": "https://deno.land/x/silverbullet@0.7.6/plug-api/syscall.ts",
    "https://deno.land/x/silverbullet/plug-api/syscalls.ts": "https://deno.land/x/silverbullet@0.7.6/plug-api/syscalls.ts",
    "https://esm.sh/dayjs": "https://esm.sh/dayjs@1.11.10",
    "https://esm.sh/dayjs/plugin/customParseFormat.js": "https://esm.sh/dayjs@1.11.10/plugin/customParseFormat.js",
    "https://esm.sh/dayjs/plugin/isToday.js": "https://esm.sh/dayjs@1.11.10/plugin/isToday.js"
  },
  "remote": {
    "https://deno.land/std@0.221.0/assert/_constants.ts": "a271e8ef5a573f1df8e822a6eb9d09df064ad66a4390f21b3e31f820a38e0975",
    "https://deno.land/std@0.221.0/assert/_diff.ts": "4bf42969aa8b1a33aaf23eb8e478b011bfaa31b82d85d2ff4b5c4662d8780d2b",
    "https://deno.land/std@0.221.0/assert/_format.ts": "0ba808961bf678437fb486b56405b6fefad2cf87b5809667c781ddee8c32aff4",
    "https://deno.land/std@0.221.0/assert/assert_equals.ts": "4497c56fe7d2993b0d447926702802fc0becb44e319079e8eca39b482ee01b4e",
    "https://deno.land/std@0.221.0/assert/assertion_error.ts": "9f689a101ee586c4ce92f52fa7ddd362e86434ffdf1f848e45987dc7689976b8",
    "https://deno.land/std@0.221.0/assert/equal.ts": "fae5e8a52a11d3ac694bbe1a53e13a7969e3f60791262312e91a3e741ae519e2",
    "https://deno.land/std@0.221.0/fmt/colors.ts": "d239d84620b921ea520125d778947881f62c50e78deef2657073840b8af9559a",
    "https://deno.land/x/silverbullet@0.7.6/lib/crypto.ts": "a90267ed8eb936da3ee5d395b00be8978699007ec95f84d81720770a5fd819a0",
    "https://deno.land/x/silverbullet@0.7.6/plug-api/lib/settings_page.ts": "672cab3458eb657a436515678c9ec7121737c85a8860aff1495b82893bcfe747",
    "https://deno.land/x/silverbullet@0.7.6/plug-api/lib/tree.ts": "e4e8cd4f2d409e6bff4fefef25244504cde5788ac4f3c748301c31d35c0fa802",
    "https://deno.land/x/silverbullet@0.7.6/plug-api/lib/yaml_page.ts": "8f69f094c26a60cdcfb6d5f1678fe55c2540ceffb7abd8a75d5dbda579888465",
    "https://deno.land/x/silverbullet@0.7.6/plug-api/syscall.ts": "e92c9e4b25808cf3d2a193d70bab7194fc5f5e8697a20dcd72b4fc3f3beb0e8e",
    "https://deno.land/x/silverbullet@0.7.6/plug-api/syscalls.ts": "3bb25fe0df94f05255c9319b3d47fa1c3884ee9f0dc2e957419ac51f8ff1ccb0",
    "https://deno.land/x/silverbullet@0.7.6/plug-api/syscalls/asset.ts": "7598702fb497bf69e5522d05556e9887ce1d95ada47c10d8386de29bc7535262",
    "https://deno.land/x/silverbullet@0.7.6/plug-api/syscalls/clientStore.ts": "e623682ccd83d3f3155fd7f5062a716e1a0422abebb68f71613e284ca705f807",
    "https://deno.land/x/silverbullet@0.7.6/plug-api/syscalls/code_widget.ts": "2d4c4f2393a860496209c057c3eef4c9b8ceb49b34e433958b331b269a1afc25",
    "https://deno.land/x/silverbullet@0.7.6/plug-api/syscalls/datastore.ts": "2fb9eb1f0b335ffd6f638a25cf9536c0557b264f85ae44f66959d037f4ef9a5d",
    "https://deno.land/x/silverbullet@0.7.6/plug-api/syscalls/debug.ts": "b374379d16c1ce523a56d29353a484ed7d7b633c167bb82350f78fa779d4b72e",
    "https://deno.land/x/silverbullet@0.7.6/plug-api/syscalls/editor.ts": "671250f385cd727542ea1c916ee6e16743cf1844eeb919bee7b535687d66eac4",
    "https://deno.land/x/silverbullet@0.7.6/plug-api/syscalls/event.ts": "46e7449b166bfed4df68db034244fc638bd189a1d1dacf3ae451fbe5ac0f5161",
    "https://deno.land/x/silverbullet@0.7.6/plug-api/syscalls/language.ts": "11c7ae6f6b78f5057db9acc82d7bb32ad90940002126b92d7463173dbf2d3702",
    "https://deno.land/x/silverbullet@0.7.6/plug-api/syscalls/markdown.ts": "51a0afc48beb4b67ac20b3e2e0166726b05170da0f0f396215c940af6eec3aa4",
    "https://deno.land/x/silverbullet@0.7.6/plug-api/syscalls/mq.ts": "5e1f4a018a0d1641161904e52e32c4bf22d70205c3e9bb9289f8c4368051832b",
    "https://deno.land/x/silverbullet@0.7.6/plug-api/syscalls/shell.ts": "2c6329f7236405682065ab55fd5c0ec5fe354bdf67e040dd651492c4b64de998",
    "https://deno.land/x/silverbullet@0.7.6/plug-api/syscalls/space.ts": "c204858c83beec3ace603b11fae2ff487e053c2a8182f725690470a07ea27cab",
    "https://deno.land/x/silverbullet@0.7.6/plug-api/syscalls/sync.ts": "1a2430bcfa7f9e1d6d8c99a90a0e1a7e5a2075b11b0916e9e8facd8ff36767db",
    "https://deno.land/x/silverbullet@0.7.6/plug-api/syscalls/system.ts": "ebab17a349cdd704c1806a1e180857270c1a87865c53b4d0c486f9eb0e264e86",
    "https://deno.land/x/silverbullet@0.7.6/plug-api/syscalls/template.ts": "92f4dfd8b76838852a6ea3964b3acd24bc66a38bcf59727190ea149523036591",
    "https://deno.land/x/silverbullet@0.7.6/plug-api/syscalls/yaml.ts": "db850fe538ae924ecda4af269af5f02abacd11e020893043f828796bd2d7833b",
    "https://deno.land/x/silverbullet@0.7.6/plug-api/types.ts": "e72d8bf628dfb3d186e2dbcadc08f8f9998d224d460ae6fddf653be1f0f53a12",
    "https://deno.land/x/zod@v3.22.4/ZodError.ts": "4de18ff525e75a0315f2c12066b77b5c2ae18c7c15ef7df7e165d63536fdf2ea",
    "https://deno.land/x/zod@v3.22.4/errors.ts": "5285922d2be9700cc0c70c95e4858952b07ae193aa0224be3cbd5cd5567eabef",
    "https://deno.land/x/zod@v3.22.4/external.ts": "a6cfbd61e9e097d5f42f8a7ed6f92f93f51ff927d29c9fbaec04f03cbce130fe",
    "https://deno.land/x/zod@v3.22.4/helpers/enumUtil.ts": "54efc393cc9860e687d8b81ff52e980def00fa67377ad0bf8b3104f8a5bf698c",
    "https://deno.land/x/zod@v3.22.4/helpers/errorUtil.ts": "7a77328240be7b847af6de9189963bd9f79cab32bbc61502a9db4fe6683e2ea7",
    "https://deno.land/x/zod@v3.22.4/helpers/parseUtil.ts": "f791e6e65a0340d85ad37d26cd7a3ba67126cd9957eac2b7163162155283abb1",
    "https://deno.land/x/zod@v3.22.4/helpers/partialUtil.ts": "998c2fe79795257d4d1cf10361e74492f3b7d852f61057c7c08ac0a46488b7e7",
    "https://deno.land/x/zod@v3.22.4/helpers/typeAliases.ts": "0fda31a063c6736fc3cf9090dd94865c811dfff4f3cb8707b932bf937c6f2c3e",
    "https://deno.land/x/zod@v3.22.4/helpers/util.ts": "8baf19b19b2fca8424380367b90364b32503b6b71780269a6e3e67700bb02774",
    "https://deno.land/x/zod@v3.22.4/index.ts": "d27aabd973613985574bc31f39e45cb5d856aa122ef094a9f38a463b8ef1a268",
    "https://deno.land/x/zod@v3.22.4/locales/en.ts": "a7a25cd23563ccb5e0eed214d9b31846305ddbcdb9c5c8f508b108943366ab4c",
    "https://deno.land/x/zod@v3.22.4/mod.ts": "64e55237cb4410e17d968cd08975566059f27638ebb0b86048031b987ba251c4",
    "https://deno.land/x/zod@v3.22.4/types.ts": "724185522fafe43ee56a52333958764c8c8cd6ad4effa27b42651df873fc151e",
    "https://esm.sh/dayjs@1.11.10": "d1ff723b3aa01743a3244f46bf47fdfb2731cf72858abe27fe8a05ed41841da1",
    "https://esm.sh/dayjs@1.11.10/plugin/customParseFormat.js": "5770dc55a9e6fb586a155c46649bd9f3571f84624ac9d337fef7aa741491c910",
    "https://esm.sh/dayjs@1.11.10/plugin/isToday.js": "c218ff3840e79ddbe19ea731c6684e556ddaa1f1627f7e14ff148c8a4e933c5b",
    "https://esm.sh/v135/dayjs@1.11.10/denonext/dayjs.mjs": "6de3caef41ea8e21568a8de0dfaacf0861ea7032d5240689677dec6b0253f860",
    "https://esm.sh/v135/dayjs@1.11.10/denonext/plugin/customParseFormat.js": "64e58bc2bd362c95dc4511cd1abcb1621cd8b18b5e541de92307b8c7426216bc",
    "https://esm.sh/v135/dayjs@1.11.10/denonext/plugin/isToday.js": "0825986c0953c75b596ff3104cf8eb2a09c1516227ac1c2faa9f6bd40cab9687"
  }
}
